{
  "requires": true,
  "lockfileVersion": 1,
  "dependencies": {
    "vuetify": {
      "version": "2.3.15",
      "resolved": "https://registry.npmjs.org/vuetify/-/vuetify-2.3.15.tgz",
      "integrity": "sha512-YVJN/ld60S2mmFCKxoVFkB8X2kmuLT0E28ql4kr8HQUeCYdK8axoca/N8ZIP1hFH4NIz392f0nVpZKS4ZFZBVA=="
    }
  }
}
